
Microsoft Visual Studio Solution File, Format Version 12.00
# Visual Studio 15
VisualStudioVersion = 15.0.27703.2042
MinimumVisualStudioVersion = 10.0.40219.1
Project("{FAE04EC0-301F-11D3-BF4B-00C04F79EFBC}") = "trade-api", "..\trade-api\trade-api.csproj", "{8B513F60-E1CD-44F8-80EF-014F33F983F9}"
EndProject
Global
	GlobalSection(SolutionConfigurationPlatforms) = preSolution
		Debug|Any CPU = Debug|Any CPU
		Release|Any CPU = Release|Any CPU
	EndGlobalSection
	GlobalSection(ProjectConfigurationPlatforms) = postSolution
		{8B513F60-E1CD-44F8-80EF-014F33F983F9}.Debug|Any CPU.ActiveCfg = Debug|Any CPU
		{8B513F60-E1CD-44F8-80EF-014F33F983F9}.Debug|Any CPU.Build.0 = Debug|Any CPU
		{8B513F60-E1CD-44F8-80EF-014F33F983F9}.Release|Any CPU.ActiveCfg = Release|Any CPU
		{8B513F60-E1CD-44F8-80EF-014F33F983F9}.Release|Any CPU.Build.0 = Release|Any CPU
	EndGlobalSection
	GlobalSection(SolutionProperties) = preSolution
		HideSolutionNode = FALSE
	EndGlobalSection
	GlobalSection(ExtensibilityGlobals) = postSolution
		SolutionGuid = {B3FC6E24-83CB-4212-AB0E-0A576312DE38}
	EndGlobalSection
EndGlobal
