{
  "name": "trade-web",
  "version": "1.0.0",
  "lockfileVersion": 1,
  "requires": true,
  "dependencies": {
    "@uirouter/core": {
      "version": "5.0.3",
      "resolved": "https://registry.npmjs.org/@uirouter/core/-/core-5.0.3.tgz",
      "integrity": "sha1-4rWx5FGQ4gxnuk4VwBPeXU4MyrM="
    },
    "angular": {
      "version": "1.6.8",
      "resolved": "https://registry.npmjs.org/angular/-/angular-1.6.8.tgz",
      "integrity": "sha512-9WErZIOw1Cu1V5Yxdvxz/6YpND8ntdP71fdPpufPFJvZodZXqCjQBYrHqEoMZreO5i84O3D/Jw/vepoFt68Azw=="
    },
    "angular-animate": {
      "version": "1.6.9",
      "resolved": "https://registry.npmjs.org/angular-animate/-/angular-animate-1.6.9.tgz",
      "integrity": "sha512-3/fqrmT6mJgB2O6oDvXDlNP6AJVqUXLWZq/P87Xo7Wt0JjcSmhJSQ02Yp7gm0Pkd5SXMKHICLpn/iEJPyse9fg=="
    },
    "angular-sanitize": {
      "version": "1.6.9",
      "resolved": "https://registry.npmjs.org/angular-sanitize/-/angular-sanitize-1.6.9.tgz",
      "integrity": "sha512-zWGQHWvmftkPTR0s6RCF9gx/pezR1V0swcVrkimMyBW3eK3ly7inG5BDDSt2oGExhWufV2VfnIv01T+tBUckNg=="
    },
    "angular-toastr": {
      "version": "2.1.1",
      "resolved": "https://registry.npmjs.org/angular-toastr/-/angular-toastr-2.1.1.tgz",
      "integrity": "sha1-n4NQykghRaRNARp1W4+zYj1gVEw="
    },
    "angular-ui-bootstrap": {
      "version": "2.5.6",
      "resolved": "https://registry.npmjs.org/angular-ui-bootstrap/-/angular-ui-bootstrap-2.5.6.tgz",
      "integrity": "sha1-I5NzIuxkGm++4WSYzDJFKqGZ58U="
    },
    "angular-ui-router": {
      "version": "1.0.3",
      "resolved": "https://registry.npmjs.org/angular-ui-router/-/angular-ui-router-1.0.3.tgz",
      "integrity": "sha1-vySUyq6Vw3zwGvN2HYl0fP7S20U=",
      "requires": {
        "@uirouter/core": "5.0.3"
      }
    },
    "bootstrap-toggle": {
      "version": "2.2.2",
      "resolved": "https://registry.npmjs.org/bootstrap-toggle/-/bootstrap-toggle-2.2.2.tgz",
      "integrity": "sha1-K4hTT8G5mGdPh3+Yug2LW3Q+lv4="
    },
    "bootstrap3": {
      "version": "3.3.5",
      "resolved": "https://registry.npmjs.org/bootstrap3/-/bootstrap3-3.3.5.tgz",
      "integrity": "sha1-SWpO9sCHIU+paDgZbWDeZF6CWRo="
    },
    "clipboard": {
      "version": "2.0.0",
      "resolved": "https://registry.npmjs.org/clipboard/-/clipboard-2.0.0.tgz",
      "integrity": "sha512-gXzHBlzEVqCk2b8Wpkil89S0WSMAX7eZho2zANX+EEEa9LMutGe9ICU+wHRzsH7cCHaCbUzj900P+AXOM0FE3A==",
      "requires": {
        "good-listener": "^1.2.2",
        "select": "^1.1.2",
        "tiny-emitter": "^2.0.0"
      }
    },
    "delegate": {
      "version": "3.2.0",
      "resolved": "https://registry.npmjs.org/delegate/-/delegate-3.2.0.tgz",
      "integrity": "sha1-tmtxwxWFIuirV0T3INjKDCr1kWY="
    },
    "font-awesome": {
      "version": "4.7.0",
      "resolved": "https://registry.npmjs.org/font-awesome/-/font-awesome-4.7.0.tgz",
      "integrity": "sha1-j6jPBBGhoxr9B7BtKQK7n8gVoTM="
    },
    "good-listener": {
      "version": "1.2.2",
      "resolved": "https://registry.npmjs.org/good-listener/-/good-listener-1.2.2.tgz",
      "integrity": "sha1-1TswzfkxPf+33JoNR3CWqm0UXFA=",
      "requires": {
        "delegate": "^3.1.2"
      }
    },
    "jquery": {
      "version": "1.9.1",
      "resolved": "https://registry.npmjs.org/jquery/-/jquery-1.9.1.tgz",
      "integrity": "sha1-5M1INfqu+63lNYV2E8D8P/KtrzQ="
    },
    "lodash": {
      "version": "4.17.5",
      "resolved": "https://registry.npmjs.org/lodash/-/lodash-4.17.5.tgz",
      "integrity": "sha512-svL3uiZf1RwhH+cWrfZn3A4+U58wbP0tGVTLQPbjplZxZ8ROD9VLuNgsRniTlLe7OlSqR79RUehXgpBW/s0IQw=="
    },
    "moment": {
      "version": "2.20.1",
      "resolved": "https://registry.npmjs.org/moment/-/moment-2.20.1.tgz",
      "integrity": "sha512-Yh9y73JRljxW5QxN08Fner68eFLxM5ynNOAw2LbIB1YAGeQzZT8QFSUvkAz609Zf+IHhhaUxqZK8dG3W/+HEvg=="
    },
    "ng-toast": {
      "version": "2.0.0",
      "resolved": "https://registry.npmjs.org/ng-toast/-/ng-toast-2.0.0.tgz",
      "integrity": "sha1-f8Ez/AXohpCDDofNPR8ZPfHDNIM=",
      "requires": {
        "angular": ">=1.2.15 <1.6",
        "angular-sanitize": ">=1.2.15 <1.6"
      },
      "dependencies": {
        "angular": {
          "version": "1.5.11",
          "resolved": "https://registry.npmjs.org/angular/-/angular-1.5.11.tgz",
          "integrity": "sha1-jFunOG8VllyazzQp9ogVU6raMNY="
        },
        "angular-sanitize": {
          "version": "1.5.11",
          "resolved": "https://registry.npmjs.org/angular-sanitize/-/angular-sanitize-1.5.11.tgz",
          "integrity": "sha1-6/s/ND5UP5su8FD7TC6e4EjRdy8="
        }
      }
    },
    "ngclipboard": {
      "version": "2.0.0",
      "resolved": "https://registry.npmjs.org/ngclipboard/-/ngclipboard-2.0.0.tgz",
      "integrity": "sha1-QG9sNNIdeME/qvp/ffKuSs1Q51o=",
      "requires": {
        "clipboard": "^2.0.0"
      }
    },
    "popper.js": {
      "version": "1.14.3",
      "resolved": "https://registry.npmjs.org/popper.js/-/popper.js-1.14.3.tgz",
      "integrity": "sha1-FDj5jQRqz3tNeM1QK/QYrGTU8JU="
    },
    "select": {
      "version": "1.1.2",
      "resolved": "https://registry.npmjs.org/select/-/select-1.1.2.tgz",
      "integrity": "sha1-DnNQrN7ICxEIUoeG7B1EGNEbOW0="
    },
    "tiny-emitter": {
      "version": "2.0.2",
      "resolved": "https://registry.npmjs.org/tiny-emitter/-/tiny-emitter-2.0.2.tgz",
      "integrity": "sha1-gtJ0aKylrejl/R5tIrV91D69+3w="
    },
    "ui-router": {
      "version": "1.0.0-alpha.3",
      "resolved": "https://registry.npmjs.org/ui-router/-/ui-router-1.0.0-alpha.3.tgz",
      "integrity": "sha1-sphycgIosJr1UlnpQY9eFLwH2WI="
    }
  }
}
